
Microsoft Visual Studio Solution File, Format Version 12.00
# Visual Studio Version 17
VisualStudioVersion = 17.7.34031.279
MinimumVisualStudioVersion = 10.0.40219.1
Project("{9A19103F-16F7-4668-BE54-9A1E7A4F7556}") = "Excel-Load", "Excel-Load\Excel-Load.csproj", "{FCB6C220-F4C6-4D6D-A980-25B6EE61926E}"
EndProject
Project("{FAE04EC0-301F-11D3-BF4B-00C04F79EFBC}") = "CalculatorApp", "CalculatorApp\CalculatorApp.csproj", "{3DE6BEDF-6B37-461B-A893-59690033F0BC}"
EndProject
Global
	GlobalSection(SolutionConfigurationPlatforms) = preSolution
		Debug|Any CPU = Debug|Any CPU
		Release|Any CPU = Release|Any CPU
	EndGlobalSection
	GlobalSection(ProjectConfigurationPlatforms) = postSolution
		{FCB6C220-F4C6-4D6D-A980-25B6EE61926E}.Debug|Any CPU.ActiveCfg = Debug|Any CPU
		{FCB6C220-F4C6-4D6D-A980-25B6EE61926E}.Debug|Any CPU.Build.0 = Debug|Any CPU
		{FCB6C220-F4C6-4D6D-A980-25B6EE61926E}.Release|Any CPU.ActiveCfg = Release|Any CPU
		{FCB6C220-F4C6-4D6D-A980-25B6EE61926E}.Release|Any CPU.Build.0 = Release|Any CPU
		{3DE6BEDF-6B37-461B-A893-59690033F0BC}.Debug|Any CPU.ActiveCfg = Debug|Any CPU
		{3DE6BEDF-6B37-461B-A893-59690033F0BC}.Debug|Any CPU.Build.0 = Debug|Any CPU
		{3DE6BEDF-6B37-461B-A893-59690033F0BC}.Release|Any CPU.ActiveCfg = Release|Any CPU
		{3DE6BEDF-6B37-461B-A893-59690033F0BC}.Release|Any CPU.Build.0 = Release|Any CPU
	EndGlobalSection
	GlobalSection(SolutionProperties) = preSolution
		HideSolutionNode = FALSE
	EndGlobalSection
	GlobalSection(ExtensibilityGlobals) = postSolution
		SolutionGuid = {0BD34BB1-8720-431B-9A73-EF407C543042}
	EndGlobalSection
EndGlobal
